// !$*UTF8*$!
{
	archiveVersion = 1;
	classes = {
	};
	objectVersion = 50;
	objects = {

/* Begin PBXBuildFile section */
		6245BE77220CDE3A006A8089 /* AppDelegate.swift in Sources */ = {isa = PBXBuildFile; fileRef = 6245BE76220CDE3A006A8089 /* AppDelegate.swift */; };
		6245BE79220CDE3A006A8089 /* RecipeViewContoller.swift in Sources */ = {isa = PBXBuildFile; fileRef = 6245BE78220CDE3A006A8089 /* RecipeViewContoller.swift */; };
		6245BE7C220CDE3A006A8089 /* Main.storyboard in Resources */ = {isa = PBXBuildFile; fileRef = 6245BE7A220CDE3A006A8089 /* Main.storyboard */; };
		6245BE7E220CDE3B006A8089 /* Assets.xcassets in Resources */ = {isa = PBXBuildFile; fileRef = 6245BE7D220CDE3B006A8089 /* Assets.xcassets */; };
		6245BE81220CDE3B006A8089 /* LaunchScreen.storyboard in Resources */ = {isa = PBXBuildFile; fileRef = 6245BE7F220CDE3B006A8089 /* LaunchScreen.storyboard */; };
		6245BE8E220CE0C8006A8089 /* AppError.swift in Sources */ = {isa = PBXBuildFile; fileRef = 6245BE8D220CE0C8006A8089 /* AppError.swift */; };
		6245BE95220CE2CB006A8089 /* Recipe.swift in Sources */ = {isa = PBXBuildFile; fileRef = 6245BE94220CE2CB006A8089 /* Recipe.swift */; };
		6245BE98220CE807006A8089 /* DataPersistenceManager.swift in Sources */ = {isa = PBXBuildFile; fileRef = 6245BE97220CE807006A8089 /* DataPersistenceManager.swift */; };
		6245BE9B220DD513006A8089 /* OpenPantryViewController.swift in Sources */ = {isa = PBXBuildFile; fileRef = 6245BE9A220DD513006A8089 /* OpenPantryViewController.swift */; };
		6252C6ED2226F10200DB6DB0 /* SecretKeys.swift in Sources */ = {isa = PBXBuildFile; fileRef = 6252C6EC2226F10200DB6DB0 /* SecretKeys.swift */; };
		6252C6F02226F32600DB6DB0 /* RecipeAPIClient.swift in Sources */ = {isa = PBXBuildFile; fileRef = 6252C6EF2226F32600DB6DB0 /* RecipeAPIClient.swift */; };
		62AAE06E222D761C00DF8BBC /* RecipeView.swift in Sources */ = {isa = PBXBuildFile; fileRef = 62AAE06D222D761C00DF8BBC /* RecipeView.swift */; };
		62AAE071222D763D00DF8BBC /* RecipeCell.swift in Sources */ = {isa = PBXBuildFile; fileRef = 62AAE070222D763D00DF8BBC /* RecipeCell.swift */; };
		62AAE076222ECFE300DF8BBC /* RecipeDetailViewController.swift in Sources */ = {isa = PBXBuildFile; fileRef = 62AAE075222ECFE300DF8BBC /* RecipeDetailViewController.swift */; };
		62AAE0782231782300DF8BBC /* OpenPantryDetailViewController.swift in Sources */ = {isa = PBXBuildFile; fileRef = 62AAE0772231782200DF8BBC /* OpenPantryDetailViewController.swift */; };
		62AAE07A2231789900DF8BBC /* FavoriteViewController.swift in Sources */ = {isa = PBXBuildFile; fileRef = 62AAE0792231789900DF8BBC /* FavoriteViewController.swift */; };
		62AAE07C223572C100DF8BBC /* OpenPantryCollectionViewController.swift in Sources */ = {isa = PBXBuildFile; fileRef = 62AAE07B223572C100DF8BBC /* OpenPantryCollectionViewController.swift */; };
		62AAE07E2235769300DF8BBC /* FavoriteDetailViewController.swift in Sources */ = {isa = PBXBuildFile; fileRef = 62AAE07D2235769300DF8BBC /* FavoriteDetailViewController.swift */; };
		BACAF70DD93D20B1B3B58589 /* Pods_OpenPantry.framework in Frameworks */ = {isa = PBXBuildFile; fileRef = 797275D9F45B5A1D43A372FD /* Pods_OpenPantry.framework */; };
/* End PBXBuildFile section */

/* Begin PBXFileReference section */
		6245BE73220CDE3A006A8089 /* OpenPantry.app */ = {isa = PBXFileReference; explicitFileType = wrapper.application; includeInIndex = 0; path = OpenPantry.app; sourceTree = BUILT_PRODUCTS_DIR; };
		6245BE76220CDE3A006A8089 /* AppDelegate.swift */ = {isa = PBXFileReference; lastKnownFileType = sourcecode.swift; path = AppDelegate.swift; sourceTree = "<group>"; };
		6245BE78220CDE3A006A8089 /* RecipeViewContoller.swift */ = {isa = PBXFileReference; lastKnownFileType = sourcecode.swift; path = RecipeViewContoller.swift; sourceTree = "<group>"; };
		6245BE7B220CDE3A006A8089 /* Base */ = {isa = PBXFileReference; lastKnownFileType = file.storyboard; name = Base; path = Base.lproj/Main.storyboard; sourceTree = "<group>"; };
		6245BE7D220CDE3B006A8089 /* Assets.xcassets */ = {isa = PBXFileReference; lastKnownFileType = folder.assetcatalog; path = Assets.xcassets; sourceTree = "<group>"; };
		6245BE80220CDE3B006A8089 /* Base */ = {isa = PBXFileReference; lastKnownFileType = file.storyboard; name = Base; path = Base.lproj/LaunchScreen.storyboard; sourceTree = "<group>"; };
		6245BE82220CDE3B006A8089 /* Info.plist */ = {isa = PBXFileReference; lastKnownFileType = text.plist.xml; path = Info.plist; sourceTree = "<group>"; };
		6245BE8D220CE0C8006A8089 /* AppError.swift */ = {isa = PBXFileReference; lastKnownFileType = sourcecode.swift; path = AppError.swift; sourceTree = "<group>"; };
		6245BE94220CE2CB006A8089 /* Recipe.swift */ = {isa = PBXFileReference; lastKnownFileType = sourcecode.swift; path = Recipe.swift; sourceTree = "<group>"; };
		6245BE97220CE807006A8089 /* DataPersistenceManager.swift */ = {isa = PBXFileReference; lastKnownFileType = sourcecode.swift; path = DataPersistenceManager.swift; sourceTree = "<group>"; };
		6245BE9A220DD513006A8089 /* OpenPantryViewController.swift */ = {isa = PBXFileReference; lastKnownFileType = sourcecode.swift; path = OpenPantryViewController.swift; sourceTree = "<group>"; };
		6252C6EC2226F10200DB6DB0 /* SecretKeys.swift */ = {isa = PBXFileReference; lastKnownFileType = sourcecode.swift; path = SecretKeys.swift; sourceTree = "<group>"; };
		6252C6EF2226F32600DB6DB0 /* RecipeAPIClient.swift */ = {isa = PBXFileReference; lastKnownFileType = sourcecode.swift; path = RecipeAPIClient.swift; sourceTree = "<group>"; };
		62AAE06D222D761C00DF8BBC /* RecipeView.swift */ = {isa = PBXFileReference; lastKnownFileType = sourcecode.swift; path = RecipeView.swift; sourceTree = "<group>"; };
		62AAE070222D763D00DF8BBC /* RecipeCell.swift */ = {isa = PBXFileReference; lastKnownFileType = sourcecode.swift; path = RecipeCell.swift; sourceTree = "<group>"; };
		62AAE075222ECFE300DF8BBC /* RecipeDetailViewController.swift */ = {isa = PBXFileReference; lastKnownFileType = sourcecode.swift; path = RecipeDetailViewController.swift; sourceTree = "<group>"; };
		62AAE0772231782200DF8BBC /* OpenPantryDetailViewController.swift */ = {isa = PBXFileReference; lastKnownFileType = sourcecode.swift; path = OpenPantryDetailViewController.swift; sourceTree = "<group>"; };
		62AAE0792231789900DF8BBC /* FavoriteViewController.swift */ = {isa = PBXFileReference; lastKnownFileType = sourcecode.swift; path = FavoriteViewController.swift; sourceTree = "<group>"; };
		62AAE07B223572C100DF8BBC /* OpenPantryCollectionViewController.swift */ = {isa = PBXFileReference; lastKnownFileType = sourcecode.swift; path = OpenPantryCollectionViewController.swift; sourceTree = "<group>"; };
		62AAE07D2235769300DF8BBC /* FavoriteDetailViewController.swift */ = {isa = PBXFileReference; lastKnownFileType = sourcecode.swift; path = FavoriteDetailViewController.swift; sourceTree = "<group>"; };
		797275D9F45B5A1D43A372FD /* Pods_OpenPantry.framework */ = {isa = PBXFileReference; explicitFileType = wrapper.framework; includeInIndex = 0; path = Pods_OpenPantry.framework; sourceTree = BUILT_PRODUCTS_DIR; };
		9DF6162A50B5D9E1D7C71F93 /* Pods-OpenPantry.debug.xcconfig */ = {isa = PBXFileReference; includeInIndex = 1; lastKnownFileType = text.xcconfig; name = "Pods-OpenPantry.debug.xcconfig"; path = "Target Support Files/Pods-OpenPantry/Pods-OpenPantry.debug.xcconfig"; sourceTree = "<group>"; };
		FF3D89663CACBA202DBA9532 /* Pods-OpenPantry.release.xcconfig */ = {isa = PBXFileReference; includeInIndex = 1; lastKnownFileType = text.xcconfig; name = "Pods-OpenPantry.release.xcconfig"; path = "Target Support Files/Pods-OpenPantry/Pods-OpenPantry.release.xcconfig"; sourceTree = "<group>"; };
/* End PBXFileReference section */

/* Begin PBXFrameworksBuildPhase section */
		6245BE70220CDE3A006A8089 /* Frameworks */ = {
			isa = PBXFrameworksBuildPhase;
			buildActionMask = 2147483647;
			files = (
				BACAF70DD93D20B1B3B58589 /* Pods_OpenPantry.framework in Frameworks */,
			);
			runOnlyForDeploymentPostprocessing = 0;
		};
/* End PBXFrameworksBuildPhase section */

/* Begin PBXGroup section */
		18A2FFCEAE484291C7D320BC /* Pods */ = {
			isa = PBXGroup;
			children = (
				9DF6162A50B5D9E1D7C71F93 /* Pods-OpenPantry.debug.xcconfig */,
				FF3D89663CACBA202DBA9532 /* Pods-OpenPantry.release.xcconfig */,
			);
			path = Pods;
			sourceTree = "<group>";
		};
		6245BE6A220CDE3A006A8089 = {
			isa = PBXGroup;
			children = (
				6245BE75220CDE3A006A8089 /* OpenPantry */,
				6245BE74220CDE3A006A8089 /* Products */,
				18A2FFCEAE484291C7D320BC /* Pods */,
				C05FAA3367B78AE6BDB52C23 /* Frameworks */,
			);
			sourceTree = "<group>";
		};
		6245BE74220CDE3A006A8089 /* Products */ = {
			isa = PBXGroup;
			children = (
				6245BE73220CDE3A006A8089 /* OpenPantry.app */,
			);
			name = Products;
			sourceTree = "<group>";
		};
		6245BE75220CDE3A006A8089 /* OpenPantry */ = {
			isa = PBXGroup;
			children = (
				6245BE8C220CE07E006A8089 /* NetworkServices */,
				6252C6EE2226F10600DB6DB0 /* Keys */,
				6245BE99220CE82F006A8089 /* Data Helper */,
				6245BE96220CE313006A8089 /* Model */,
				6245BE89220CE028006A8089 /* Contollers */,
				62AAE06F222D762100DF8BBC /* View */,
				62AAE072222D765000DF8BBC /* Cell */,
				6245BE88220CE011006A8089 /* SupportFiles */,
				6245BE7A220CDE3A006A8089 /* Main.storyboard */,
				6245BE82220CDE3B006A8089 /* Info.plist */,
			);
			path = OpenPantry;
			sourceTree = "<group>";
		};
		6245BE88220CE011006A8089 /* SupportFiles */ = {
			isa = PBXGroup;
			children = (
				6245BE76220CDE3A006A8089 /* AppDelegate.swift */,
				6245BE7D220CDE3B006A8089 /* Assets.xcassets */,
				6245BE7F220CDE3B006A8089 /* LaunchScreen.storyboard */,
			);
			path = SupportFiles;
			sourceTree = "<group>";
		};
		6245BE89220CE028006A8089 /* Contollers */ = {
			isa = PBXGroup;
			children = (
				6245BE78220CDE3A006A8089 /* RecipeViewContoller.swift */,
				62AAE075222ECFE300DF8BBC /* RecipeDetailViewController.swift */,
				6245BE9A220DD513006A8089 /* OpenPantryViewController.swift */,
				62AAE07B223572C100DF8BBC /* OpenPantryCollectionViewController.swift */,
				62AAE0772231782200DF8BBC /* OpenPantryDetailViewController.swift */,
				62AAE0792231789900DF8BBC /* FavoriteViewController.swift */,
				62AAE07D2235769300DF8BBC /* FavoriteDetailViewController.swift */,
			);
			path = Contollers;
			sourceTree = "<group>";
		};
		6245BE8C220CE07E006A8089 /* NetworkServices */ = {
			isa = PBXGroup;
			children = (
				6252C6EF2226F32600DB6DB0 /* RecipeAPIClient.swift */,
				6245BE8D220CE0C8006A8089 /* AppError.swift */,
			);
			path = NetworkServices;
			sourceTree = "<group>";
		};
		6245BE96220CE313006A8089 /* Model */ = {
			isa = PBXGroup;
			children = (
				6245BE94220CE2CB006A8089 /* Recipe.swift */,
			);
			path = Model;
			sourceTree = "<group>";
		};
		6245BE99220CE82F006A8089 /* Data Helper */ = {
			isa = PBXGroup;
			children = (
				6245BE97220CE807006A8089 /* DataPersistenceManager.swift */,
			);
			path = "Data Helper";
			sourceTree = "<group>";
		};
		6252C6EE2226F10600DB6DB0 /* Keys */ = {
			isa = PBXGroup;
			children = (
				6252C6EC2226F10200DB6DB0 /* SecretKeys.swift */,
			);
			path = Keys;
			sourceTree = "<group>";
		};
		62AAE06F222D762100DF8BBC /* View */ = {
			isa = PBXGroup;
			children = (
				62AAE06D222D761C00DF8BBC /* RecipeView.swift */,
			);
			path = View;
			sourceTree = "<group>";
		};
		62AAE072222D765000DF8BBC /* Cell */ = {
			isa = PBXGroup;
			children = (
				62AAE070222D763D00DF8BBC /* RecipeCell.swift */,
			);
			path = Cell;
			sourceTree = "<group>";
		};
		C05FAA3367B78AE6BDB52C23 /* Frameworks */ = {
			isa = PBXGroup;
			children = (
				797275D9F45B5A1D43A372FD /* Pods_OpenPantry.framework */,
			);
			name = Frameworks;
			sourceTree = "<group>";
		};
/* End PBXGroup section */

/* Begin PBXNativeTarget section */
		6245BE72220CDE3A006A8089 /* OpenPantry */ = {
			isa = PBXNativeTarget;
			buildConfigurationList = 6245BE85220CDE3B006A8089 /* Build configuration list for PBXNativeTarget "OpenPantry" */;
			buildPhases = (
				D9FDC31E6C8FFAC6D83F8BC8 /* [CP] Check Pods Manifest.lock */,
				6245BE6F220CDE3A006A8089 /* Sources */,
				6245BE70220CDE3A006A8089 /* Frameworks */,
				6245BE71220CDE3A006A8089 /* Resources */,
				14D81EF736A31755BAF42A14 /* [CP] Embed Pods Frameworks */,
			);
			buildRules = (
			);
			dependencies = (
			);
			name = OpenPantry;
			productName = OpenPantry;
			productReference = 6245BE73220CDE3A006A8089 /* OpenPantry.app */;
			productType = "com.apple.product-type.application";
		};
/* End PBXNativeTarget section */

/* Begin PBXProject section */
		6245BE6B220CDE3A006A8089 /* Project object */ = {
			isa = PBXProject;
			attributes = {
				LastSwiftUpdateCheck = 1010;
				LastUpgradeCheck = 1010;
				ORGANIZATIONNAME = "Diego Estrella III";
				TargetAttributes = {
					6245BE72220CDE3A006A8089 = {
						CreatedOnToolsVersion = 10.1;
					};
				};
			};
			buildConfigurationList = 6245BE6E220CDE3A006A8089 /* Build configuration list for PBXProject "OpenPantry" */;
			compatibilityVersion = "Xcode 9.3";
			developmentRegion = en;
			hasScannedForEncodings = 0;
			knownRegions = (
				en,
				Base,
			);
			mainGroup = 6245BE6A220CDE3A006A8089;
			productRefGroup = 6245BE74220CDE3A006A8089 /* Products */;
			projectDirPath = "";
			projectRoot = "";
			targets = (
				6245BE72220CDE3A006A8089 /* OpenPantry */,
			);
		};
/* End PBXProject section */

/* Begin PBXResourcesBuildPhase section */
		6245BE71220CDE3A006A8089 /* Resources */ = {
			isa = PBXResourcesBuildPhase;
			buildActionMask = 2147483647;
			files = (
				6245BE81220CDE3B006A8089 /* LaunchScreen.storyboard in Resources */,
				6245BE7E220CDE3B006A8089 /* Assets.xcassets in Resources */,
				6245BE7C220CDE3A006A8089 /* Main.storyboard in Resources */,
			);
			runOnlyForDeploymentPostprocessing = 0;
		};
/* End PBXResourcesBuildPhase section */

/* Begin PBXShellScriptBuildPhase section */
		14D81EF736A31755BAF42A14 /* [CP] Embed Pods Frameworks */ = {
			isa = PBXShellScriptBuildPhase;
			buildActionMask = 2147483647;
			files = (
			);
			inputFileListPaths = (
			);
			inputPaths = (
				"${PODS_ROOT}/Target Support Files/Pods-OpenPantry/Pods-OpenPantry-frameworks.sh",
				"${BUILT_PRODUCTS_DIR}/Kingfisher/Kingfisher.framework",
			);
			name = "[CP] Embed Pods Frameworks";
			outputFileListPaths = (
			);
			outputPaths = (
				"${TARGET_BUILD_DIR}/${FRAMEWORKS_FOLDER_PATH}/Kingfisher.framework",
			);
			runOnlyForDeploymentPostprocessing = 0;
			shellPath = /bin/sh;
			shellScript = "\"${PODS_ROOT}/Target Support Files/Pods-OpenPantry/Pods-OpenPantry-frameworks.sh\"\n";
			showEnvVarsInLog = 0;
		};
		D9FDC31E6C8FFAC6D83F8BC8 /* [CP] Check Pods Manifest.lock */ = {
			isa = PBXShellScriptBuildPhase;
			buildActionMask = 2147483647;
			files = (
			);
			inputFileListPaths = (
			);
			inputPaths = (
				"${PODS_PODFILE_DIR_PATH}/Podfile.lock",
				"${PODS_ROOT}/Manifest.lock",
			);
			name = "[CP] Check Pods Manifest.lock";
			outputFileListPaths = (
			);
			outputPaths = (
				"$(DERIVED_FILE_DIR)/Pods-OpenPantry-checkManifestLockResult.txt",
			);
			runOnlyForDeploymentPostprocessing = 0;
			shellPath = /bin/sh;
			shellScript = "diff \"${PODS_PODFILE_DIR_PATH}/Podfile.lock\" \"${PODS_ROOT}/Manifest.lock\" > /dev/null\nif [ $? != 0 ] ; then\n    # print error to STDERR\n    echo \"error: The sandbox is not in sync with the Podfile.lock. Run 'pod install' or update your CocoaPods installation.\" >&2\n    exit 1\nfi\n# This output is used by Xcode 'outputs' to avoid re-running this script phase.\necho \"SUCCESS\" > \"${SCRIPT_OUTPUT_FILE_0}\"\n";
			showEnvVarsInLog = 0;
		};
/* End PBXShellScriptBuildPhase section */

/* Begin PBXSourcesBuildPhase section */
		6245BE6F220CDE3A006A8089 /* Sources */ = {
			isa = PBXSourcesBuildPhase;
			buildActionMask = 2147483647;
			files = (
				62AAE071222D763D00DF8BBC /* RecipeCell.swift in Sources */,
				62AAE0782231782300DF8BBC /* OpenPantryDetailViewController.swift in Sources */,
				62AAE07E2235769300DF8BBC /* FavoriteDetailViewController.swift in Sources */,
				62AAE06E222D761C00DF8BBC /* RecipeView.swift in Sources */,
				6245BE95220CE2CB006A8089 /* Recipe.swift in Sources */,
				6245BE79220CDE3A006A8089 /* RecipeViewContoller.swift in Sources */,
				6245BE98220CE807006A8089 /* DataPersistenceManager.swift in Sources */,
				6245BE8E220CE0C8006A8089 /* AppError.swift in Sources */,
				6245BE77220CDE3A006A8089 /* AppDelegate.swift in Sources */,
				62AAE076222ECFE300DF8BBC /* RecipeDetailViewController.swift in Sources */,
				62AAE07A2231789900DF8BBC /* FavoriteViewController.swift in Sources */,
				62AAE07C223572C100DF8BBC /* OpenPantryCollectionViewController.swift in Sources */,
				6252C6F02226F32600DB6DB0 /* RecipeAPIClient.swift in Sources */,
				6245BE9B220DD513006A8089 /* OpenPantryViewController.swift in Sources */,
				6252C6ED2226F10200DB6DB0 /* SecretKeys.swift in Sources */,
			);
			runOnlyForDeploymentPostprocessing = 0;
		};
/* End PBXSourcesBuildPhase section */

/* Begin PBXVariantGroup section */
		6245BE7A220CDE3A006A8089 /* Main.storyboard */ = {
			isa = PBXVariantGroup;
			children = (
				6245BE7B220CDE3A006A8089 /* Base */,
			);
			name = Main.storyboard;
			sourceTree = "<group>";
		};
		6245BE7F220CDE3B006A8089 /* LaunchScreen.storyboard */ = {
			isa = PBXVariantGroup;
			children = (
				6245BE80220CDE3B006A8089 /* Base */,
			);
			name = LaunchScreen.storyboard;
			sourceTree = "<group>";
		};
/* End PBXVariantGroup section */

/* Begin XCBuildConfiguration section */
		6245BE83220CDE3B006A8089 /* Debug */ = {
			isa = XCBuildConfiguration;
			buildSettings = {
				ALWAYS_SEARCH_USER_PATHS = NO;
				CLANG_ANALYZER_NONNULL = YES;
				CLANG_ANALYZER_NUMBER_OBJECT_CONVERSION = YES_AGGRESSIVE;
				CLANG_CXX_LANGUAGE_STANDARD = "gnu++14";
				CLANG_CXX_LIBRARY = "libc++";
				CLANG_ENABLE_MODULES = YES;
				CLANG_ENABLE_OBJC_ARC = YES;
				CLANG_ENABLE_OBJC_WEAK = YES;
				CLANG_WARN_BLOCK_CAPTURE_AUTORELEASING = YES;
				CLANG_WARN_BOOL_CONVERSION = YES;
				CLANG_WARN_COMMA = YES;
				CLANG_WARN_CONSTANT_CONVERSION = YES;
				CLANG_WARN_DEPRECATED_OBJC_IMPLEMENTATIONS = YES;
				CLANG_WARN_DIRECT_OBJC_ISA_USAGE = YES_ERROR;
				CLANG_WARN_DOCUMENTATION_COMMENTS = YES;
				CLANG_WARN_EMPTY_BODY = YES;
				CLANG_WARN_ENUM_CONVERSION = YES;
				CLANG_WARN_INFINITE_RECURSION = YES;
				CLANG_WARN_INT_CONVERSION = YES;
				CLANG_WARN_NON_LITERAL_NULL_CONVERSION = YES;
				CLANG_WARN_OBJC_IMPLICIT_RETAIN_SELF = YES;
				CLANG_WARN_OBJC_LITERAL_CONVERSION = YES;
				CLANG_WARN_OBJC_ROOT_CLASS = YES_ERROR;
				CLANG_WARN_RANGE_LOOP_ANALYSIS = YES;
				CLANG_WARN_STRICT_PROTOTYPES = YES;
				CLANG_WARN_SUSPICIOUS_MOVE = YES;
				CLANG_WARN_UNGUARDED_AVAILABILITY = YES_AGGRESSIVE;
				CLANG_WARN_UNREACHABLE_CODE = YES;
				CLANG_WARN__DUPLICATE_METHOD_MATCH = YES;
				CODE_SIGN_IDENTITY = "iPhone Developer";
				COPY_PHASE_STRIP = NO;
				DEBUG_INFORMATION_FORMAT = dwarf;
				ENABLE_STRICT_OBJC_MSGSEND = YES;
				ENABLE_TESTABILITY = YES;
				GCC_C_LANGUAGE_STANDARD = gnu11;
				GCC_DYNAMIC_NO_PIC = NO;
				GCC_NO_COMMON_BLOCKS = YES;
				GCC_OPTIMIZATION_LEVEL = 0;
				GCC_PREPROCESSOR_DEFINITIONS = (
					"DEBUG=1",
					"$(inherited)",
				);
				GCC_WARN_64_TO_32_BIT_CONVERSION = YES;
				GCC_WARN_ABOUT_RETURN_TYPE = YES_ERROR;
				GCC_WARN_UNDECLARED_SELECTOR = YES;
				GCC_WARN_UNINITIALIZED_AUTOS = YES_AGGRESSIVE;
				GCC_WARN_UNUSED_FUNCTION = YES;
				GCC_WARN_UNUSED_VARIABLE = YES;
				IPHONEOS_DEPLOYMENT_TARGET = 12.1;
				MTL_ENABLE_DEBUG_INFO = INCLUDE_SOURCE;
				MTL_FAST_MATH = YES;
				ONLY_ACTIVE_ARCH = YES;
				SDKROOT = iphoneos;
				SWIFT_ACTIVE_COMPILATION_CONDITIONS = DEBUG;
				SWIFT_OPTIMIZATION_LEVEL = "-Onone";
			};
			name = Debug;
		};
		6245BE84220CDE3B006A8089 /* Release */ = {
			isa = XCBuildConfiguration;
			buildSettings = {
				ALWAYS_SEARCH_USER_PATHS = NO;
				CLANG_ANALYZER_NONNULL = YES;
				CLANG_ANALYZER_NUMBER_OBJECT_CONVERSION = YES_AGGRESSIVE;
				CLANG_CXX_LANGUAGE_STANDARD = "gnu++14";
				CLANG_CXX_LIBRARY = "libc++";
				CLANG_ENABLE_MODULES = YES;
				CLANG_ENABLE_OBJC_ARC = YES;
				CLANG_ENABLE_OBJC_WEAK = YES;
				CLANG_WARN_BLOCK_CAPTURE_AUTORELEASING = YES;
				CLANG_WARN_BOOL_CONVERSION = YES;
				CLANG_WARN_COMMA = YES;
				CLANG_WARN_CONSTANT_CONVERSION = YES;
				CLANG_WARN_DEPRECATED_OBJC_IMPLEMENTATIONS = YES;
				CLANG_WARN_DIRECT_OBJC_ISA_USAGE = YES_ERROR;
				CLANG_WARN_DOCUMENTATION_COMMENTS = YES;
				CLANG_WARN_EMPTY_BODY = YES;
				CLANG_WARN_ENUM_CONVERSION = YES;
				CLANG_WARN_INFINITE_RECURSION = YES;
				CLANG_WARN_INT_CONVERSION = YES;
				CLANG_WARN_NON_LITERAL_NULL_CONVERSION = YES;
				CLANG_WARN_OBJC_IMPLICIT_RETAIN_SELF = YES;
				CLANG_WARN_OBJC_LITERAL_CONVERSION = YES;
				CLANG_WARN_OBJC_ROOT_CLASS = YES_ERROR;
				CLANG_WARN_RANGE_LOOP_ANALYSIS = YES;
				CLANG_WARN_STRICT_PROTOTYPES = YES;
				CLANG_WARN_SUSPICIOUS_MOVE = YES;
				CLANG_WARN_UNGUARDED_AVAILABILITY = YES_AGGRESSIVE;
				CLANG_WARN_UNREACHABLE_CODE = YES;
				CLANG_WARN__DUPLICATE_METHOD_MATCH = YES;
				CODE_SIGN_IDENTITY = "iPhone Developer";
				COPY_PHASE_STRIP = NO;
				DEBUG_INFORMATION_FORMAT = "dwarf-with-dsym";
				ENABLE_NS_ASSERTIONS = NO;
				ENABLE_STRICT_OBJC_MSGSEND = YES;
				GCC_C_LANGUAGE_STANDARD = gnu11;
				GCC_NO_COMMON_BLOCKS = YES;
				GCC_WARN_64_TO_32_BIT_CONVERSION = YES;
				GCC_WARN_ABOUT_RETURN_TYPE = YES_ERROR;
				GCC_WARN_UNDECLARED_SELECTOR = YES;
				GCC_WARN_UNINITIALIZED_AUTOS = YES_AGGRESSIVE;
				GCC_WARN_UNUSED_FUNCTION = YES;
				GCC_WARN_UNUSED_VARIABLE = YES;
				IPHONEOS_DEPLOYMENT_TARGET = 12.1;
				MTL_ENABLE_DEBUG_INFO = NO;
				MTL_FAST_MATH = YES;
				SDKROOT = iphoneos;
				SWIFT_COMPILATION_MODE = wholemodule;
				SWIFT_OPTIMIZATION_LEVEL = "-O";
				VALIDATE_PRODUCT = YES;
			};
			name = Release;
		};
		6245BE86220CDE3B006A8089 /* Debug */ = {
			isa = XCBuildConfiguration;
			baseConfigurationReference = 9DF6162A50B5D9E1D7C71F93 /* Pods-OpenPantry.debug.xcconfig */;
			buildSettings = {
				ASSETCATALOG_COMPILER_APPICON_NAME = AppIcon;
				CODE_SIGN_STYLE = Automatic;
				DEVELOPMENT_TEAM = 8B3K38L4MX;
				INFOPLIST_FILE = OpenPantry/Info.plist;
				LD_RUNPATH_SEARCH_PATHS = (
					"$(inherited)",
					"@executable_path/Frameworks",
				);
				PRODUCT_BUNDLE_IDENTIFIER = Persuit.OpenPantry;
				PRODUCT_NAME = "$(TARGET_NAME)";
				SWIFT_VERSION = 4.2;
				TARGETED_DEVICE_FAMILY = "1,2";
			};
			name = Debug;
		};
		6245BE87220CDE3B006A8089 /* Release */ = {
			isa = XCBuildConfiguration;
			baseConfigurationReference = FF3D89663CACBA202DBA9532 /* Pods-OpenPantry.release.xcconfig */;
			buildSettings = {
				ASSETCATALOG_COMPILER_APPICON_NAME = AppIcon;
				CODE_SIGN_STYLE = Automatic;
				DEVELOPMENT_TEAM = 8B3K38L4MX;
				INFOPLIST_FILE = OpenPantry/Info.plist;
				LD_RUNPATH_SEARCH_PATHS = (
					"$(inherited)",
					"@executable_path/Frameworks",
				);
				PRODUCT_BUNDLE_IDENTIFIER = Persuit.OpenPantry;
				PRODUCT_NAME = "$(TARGET_NAME)";
				SWIFT_VERSION = 4.2;
				TARGETED_DEVICE_FAMILY = "1,2";
			};
			name = Release;
		};
/* End XCBuildConfiguration section */

/* Begin XCConfigurationList section */
		6245BE6E220CDE3A006A8089 /* Build configuration list for PBXProject "OpenPantry" */ = {
			isa = XCConfigurationList;
			buildConfigurations = (
				6245BE83220CDE3B006A8089 /* Debug */,
				6245BE84220CDE3B006A8089 /* Release */,
			);
			defaultConfigurationIsVisible = 0;
			defaultConfigurationName = Release;
		};
		6245BE85220CDE3B006A8089 /* Build configuration list for PBXNativeTarget "OpenPantry" */ = {
			isa = XCConfigurationList;
			buildConfigurations = (
				6245BE86220CDE3B006A8089 /* Debug */,
				6245BE87220CDE3B006A8089 /* Release */,
			);
			defaultConfigurationIsVisible = 0;
			defaultConfigurationName = Release;
		};
/* End XCConfigurationList section */
	};
	rootObject = 6245BE6B220CDE3A006A8089 /* Project object */;
}
